
Microsoft Visual Studio Solution File, Format Version 12.00
# Visual Studio Version 17
VisualStudioVersion = 17.4.33213.308
MinimumVisualStudioVersion = 10.0.40219.1
Project("{9A19103F-16F7-4668-BE54-9A1E7A4F7556}") = "CloudNaturalLanguageCS", "CloudNaturalLanguageCS\CloudNaturalLanguageCS.csproj", "{49EDBFC5-656B-460B-8338-2508F97EEA08}"
EndProject
Project("{778DAE3C-4631-46EA-AA77-85C1314464D9}") = "CloudNaturalLanguageVB", "CloudNaturalLanguageVB\CloudNaturalLanguageVB.vbproj", "{EB0CDC41-C8AB-4FBB-B40E-CA866CE7A0EA}"
EndProject
Global
	GlobalSection(SolutionConfigurationPlatforms) = preSolution
		Debug|Any CPU = Debug|Any CPU
		Release|Any CPU = Release|Any CPU
	EndGlobalSection
	GlobalSection(ProjectConfigurationPlatforms) = postSolution
		{49EDBFC5-656B-460B-8338-2508F97EEA08}.Debug|Any CPU.ActiveCfg = Debug|Any CPU
		{49EDBFC5-656B-460B-8338-2508F97EEA08}.Debug|Any CPU.Build.0 = Debug|Any CPU
		{49EDBFC5-656B-460B-8338-2508F97EEA08}.Release|Any CPU.ActiveCfg = Release|Any CPU
		{49EDBFC5-656B-460B-8338-2508F97EEA08}.Release|Any CPU.Build.0 = Release|Any CPU
		{EB0CDC41-C8AB-4FBB-B40E-CA866CE7A0EA}.Debug|Any CPU.ActiveCfg = Debug|Any CPU
		{EB0CDC41-C8AB-4FBB-B40E-CA866CE7A0EA}.Debug|Any CPU.Build.0 = Debug|Any CPU
		{EB0CDC41-C8AB-4FBB-B40E-CA866CE7A0EA}.Release|Any CPU.ActiveCfg = Release|Any CPU
		{EB0CDC41-C8AB-4FBB-B40E-CA866CE7A0EA}.Release|Any CPU.Build.0 = Release|Any CPU
	EndGlobalSection
	GlobalSection(SolutionProperties) = preSolution
		HideSolutionNode = FALSE
	EndGlobalSection
	GlobalSection(ExtensibilityGlobals) = postSolution
		SolutionGuid = {589474FB-35FF-44B0-9854-74D32E0AB42C}
	EndGlobalSection
EndGlobal
